{
  "requires": true,
  "lockfileVersion": 1,
  "dependencies": {
    "etc-passwd": {
      "version": "0.0.1",
      "resolved": "https://registry.npmjs.org/etc-passwd/-/etc-passwd-0.0.1.tgz",
      "integrity": "sha1-1lqcGL4iGaVON6bqtvpyVaXTK2A=",
      "requires": {
        "lazylines": "= 1.0.0"
      }
    },
    "lazylines": {
      "version": "1.0.0",
      "resolved": "https://registry.npmjs.org/lazylines/-/lazylines-1.0.0.tgz",
      "integrity": "sha1-Lne9guRZE2VtbjK8XZpt+/F27fs="
    },
    "tilde-expansion": {
      "version": "0.0.0",
      "resolved": "https://registry.npmjs.org/tilde-expansion/-/tilde-expansion-0.0.0.tgz",
      "integrity": "sha1-i+ubXuWPwpzQ7DhJE31IQ7X3cJQ=",
      "requires": {
        "etc-passwd": "0.0.1"
      }
    }
  }
}
